Microsoft Visual Studio Solution File, Format Version 8.00
Project("{54435603-DBB4-11D2-8724-00A0C9A8B90C}") = "iNetVOD MCE", "iNetVOD MCE.vdproj", "{AF9593FF-E318-4452-876D-7BAC9F711856}"
	ProjectSection(ProjectDependencies) = postProject
	EndProjectSection
EndProject
Global
	GlobalSection(SolutionConfiguration) = preSolution
		Debug = Debug
		Release = Release
	EndGlobalSection
	GlobalSection(ProjectConfiguration) = postSolution
		{AF9593FF-E318-4452-876D-7BAC9F711856}.Debug.ActiveCfg = Release
		{AF9593FF-E318-4452-876D-7BAC9F711856}.Debug.Build.0 = Release
		{AF9593FF-E318-4452-876D-7BAC9F711856}.Release.ActiveCfg = Release
		{AF9593FF-E318-4452-876D-7BAC9F711856}.Release.Build.0 = Release
	EndGlobalSection
	GlobalSection(ExtensibilityGlobals) = postSolution
	EndGlobalSection
	GlobalSection(ExtensibilityAddIns) = postSolution
	EndGlobalSection
EndGlobal
